
Microsoft Visual Studio Solution File, Format Version 12.00
# Visual Studio Version 17
VisualStudioVersion = 17.8.34408.163
MinimumVisualStudioVersion = 10.0.40219.1
Project("{8BC9CEB8-8B4A-11D0-8D11-00A0C91BC942}") = "10단계 기하 직사각형과 삼각형", "10단계 기하 직사각형과 삼각형\10단계 기하 직사각형과 삼각형.vcxproj", "{F320F2DC-BD9E-4A02-BF35-B02803989F54}"
EndProject
Global
	GlobalSection(SolutionConfigurationPlatforms) = preSolution
		Debug|x64 = Debug|x64
		Debug|x86 = Debug|x86
		Release|x64 = Release|x64
		Release|x86 = Release|x86
	EndGlobalSection
	GlobalSection(ProjectConfigurationPlatforms) = postSolution
		{F320F2DC-BD9E-4A02-BF35-B02803989F54}.Debug|x64.ActiveCfg = Debug|x64
		{F320F2DC-BD9E-4A02-BF35-B02803989F54}.Debug|x64.Build.0 = Debug|x64
		{F320F2DC-BD9E-4A02-BF35-B02803989F54}.Debug|x86.ActiveCfg = Debug|Win32
		{F320F2DC-BD9E-4A02-BF35-B02803989F54}.Debug|x86.Build.0 = Debug|Win32
		{F320F2DC-BD9E-4A02-BF35-B02803989F54}.Release|x64.ActiveCfg = Release|x64
		{F320F2DC-BD9E-4A02-BF35-B02803989F54}.Release|x64.Build.0 = Release|x64
		{F320F2DC-BD9E-4A02-BF35-B02803989F54}.Release|x86.ActiveCfg = Release|Win32
		{F320F2DC-BD9E-4A02-BF35-B02803989F54}.Release|x86.Build.0 = Release|Win32
	EndGlobalSection
	GlobalSection(SolutionProperties) = preSolution
		HideSolutionNode = FALSE
	EndGlobalSection
	GlobalSection(ExtensibilityGlobals) = postSolution
		SolutionGuid = {7CEB64BA-22C5-4AEA-9AF4-F14029070A77}
	EndGlobalSection
EndGlobal
