
Microsoft Visual Studio Solution File, Format Version 12.00
# Visual Studio Version 17
VisualStudioVersion = 17.8.34408.163
MinimumVisualStudioVersion = 10.0.40219.1
Project("{8BC9CEB8-8B4A-11D0-8D11-00A0C91BC942}") = "11단계 시간 복잡도", "11단계 시간 복잡도\11단계 시간 복잡도.vcxproj", "{BFA4355E-9E7C-4C2E-80F0-DC86389382AB}"
EndProject
Global
	GlobalSection(SolutionConfigurationPlatforms) = preSolution
		Debug|x64 = Debug|x64
		Debug|x86 = Debug|x86
		Release|x64 = Release|x64
		Release|x86 = Release|x86
	EndGlobalSection
	GlobalSection(ProjectConfigurationPlatforms) = postSolution
		{BFA4355E-9E7C-4C2E-80F0-DC86389382AB}.Debug|x64.ActiveCfg = Debug|x64
		{BFA4355E-9E7C-4C2E-80F0-DC86389382AB}.Debug|x64.Build.0 = Debug|x64
		{BFA4355E-9E7C-4C2E-80F0-DC86389382AB}.Debug|x86.ActiveCfg = Debug|Win32
		{BFA4355E-9E7C-4C2E-80F0-DC86389382AB}.Debug|x86.Build.0 = Debug|Win32
		{BFA4355E-9E7C-4C2E-80F0-DC86389382AB}.Release|x64.ActiveCfg = Release|x64
		{BFA4355E-9E7C-4C2E-80F0-DC86389382AB}.Release|x64.Build.0 = Release|x64
		{BFA4355E-9E7C-4C2E-80F0-DC86389382AB}.Release|x86.ActiveCfg = Release|Win32
		{BFA4355E-9E7C-4C2E-80F0-DC86389382AB}.Release|x86.Build.0 = Release|Win32
	EndGlobalSection
	GlobalSection(SolutionProperties) = preSolution
		HideSolutionNode = FALSE
	EndGlobalSection
	GlobalSection(ExtensibilityGlobals) = postSolution
		SolutionGuid = {53F76948-B5CD-42C2-BF84-1652F1F648F7}
	EndGlobalSection
EndGlobal
